
Microsoft Visual Studio Solution File, Format Version 12.00
# Visual Studio Version 17
VisualStudioVersion = 17.11.35327.3
MinimumVisualStudioVersion = 10.0.40219.1
Project("{FAE04EC0-301F-11D3-BF4B-00C04F79EFBC}") = "CoreDemo", "CoreDemo\CoreDemo.csproj", "{A6DE0BBF-B9C8-4DEE-94AD-1FAAE899FF9F}"
EndProject
Project("{FAE04EC0-301F-11D3-BF4B-00C04F79EFBC}") = "Entitiy", "Entitiy\Entitiy.csproj", "{C6F5C54A-2C9C-4C6F-9C8E-C543AE7C4DBE}"
EndProject
Project("{FAE04EC0-301F-11D3-BF4B-00C04F79EFBC}") = "DataAccess", "DataAccess\DataAccess.csproj", "{07D98279-4DC5-4D78-9FC1-5DD4F1B150ED}"
EndProject
Project("{FAE04EC0-301F-11D3-BF4B-00C04F79EFBC}") = "Business", "Business\Business.csproj", "{B8E55F95-98A5-4D2D-83EE-7CAC7D1B7178}"
EndProject
Project("{FAE04EC0-301F-11D3-BF4B-00C04F79EFBC}") = "Core", "Core\Core.csproj", "{E8FE16E3-976C-4BB7-85E6-9BCF3C57C059}"
EndProject
Global
	GlobalSection(SolutionConfigurationPlatforms) = preSolution
		Debug|Any CPU = Debug|Any CPU
		Release|Any CPU = Release|Any CPU
	EndGlobalSection
	GlobalSection(ProjectConfigurationPlatforms) = postSolution
		{A6DE0BBF-B9C8-4DEE-94AD-1FAAE899FF9F}.Debug|Any CPU.ActiveCfg = Debug|Any CPU
		{A6DE0BBF-B9C8-4DEE-94AD-1FAAE899FF9F}.Debug|Any CPU.Build.0 = Debug|Any CPU
		{A6DE0BBF-B9C8-4DEE-94AD-1FAAE899FF9F}.Release|Any CPU.ActiveCfg = Release|Any CPU
		{A6DE0BBF-B9C8-4DEE-94AD-1FAAE899FF9F}.Release|Any CPU.Build.0 = Release|Any CPU
		{C6F5C54A-2C9C-4C6F-9C8E-C543AE7C4DBE}.Debug|Any CPU.ActiveCfg = Debug|Any CPU
		{C6F5C54A-2C9C-4C6F-9C8E-C543AE7C4DBE}.Debug|Any CPU.Build.0 = Debug|Any CPU
		{C6F5C54A-2C9C-4C6F-9C8E-C543AE7C4DBE}.Release|Any CPU.ActiveCfg = Release|Any CPU
		{C6F5C54A-2C9C-4C6F-9C8E-C543AE7C4DBE}.Release|Any CPU.Build.0 = Release|Any CPU
		{07D98279-4DC5-4D78-9FC1-5DD4F1B150ED}.Debug|Any CPU.ActiveCfg = Debug|Any CPU
		{07D98279-4DC5-4D78-9FC1-5DD4F1B150ED}.Debug|Any CPU.Build.0 = Debug|Any CPU
		{07D98279-4DC5-4D78-9FC1-5DD4F1B150ED}.Release|Any CPU.ActiveCfg = Release|Any CPU
		{07D98279-4DC5-4D78-9FC1-5DD4F1B150ED}.Release|Any CPU.Build.0 = Release|Any CPU
		{B8E55F95-98A5-4D2D-83EE-7CAC7D1B7178}.Debug|Any CPU.ActiveCfg = Debug|Any CPU
		{B8E55F95-98A5-4D2D-83EE-7CAC7D1B7178}.Debug|Any CPU.Build.0 = Debug|Any CPU
		{B8E55F95-98A5-4D2D-83EE-7CAC7D1B7178}.Release|Any CPU.ActiveCfg = Release|Any CPU
		{B8E55F95-98A5-4D2D-83EE-7CAC7D1B7178}.Release|Any CPU.Build.0 = Release|Any CPU
		{E8FE16E3-976C-4BB7-85E6-9BCF3C57C059}.Debug|Any CPU.ActiveCfg = Debug|Any CPU
		{E8FE16E3-976C-4BB7-85E6-9BCF3C57C059}.Debug|Any CPU.Build.0 = Debug|Any CPU
		{E8FE16E3-976C-4BB7-85E6-9BCF3C57C059}.Release|Any CPU.ActiveCfg = Release|Any CPU
		{E8FE16E3-976C-4BB7-85E6-9BCF3C57C059}.Release|Any CPU.Build.0 = Release|Any CPU
	EndGlobalSection
	GlobalSection(SolutionProperties) = preSolution
		HideSolutionNode = FALSE
	EndGlobalSection
	GlobalSection(ExtensibilityGlobals) = postSolution
		SolutionGuid = {9E0B7852-8CAF-472D-B306-E2AEA7533C05}
	EndGlobalSection
EndGlobal
